
Microsoft Visual Studio Solution File, Format Version 12.00
# Visual Studio Version 17
VisualStudioVersion = 17.4.33205.214
MinimumVisualStudioVersion = 10.0.40219.1
Project("{9A19103F-16F7-4668-BE54-9A1E7A4F7556}") = "TestPlatform.WebAPI", "TestPlatform.WebAPI\TestPlatform.WebAPI.csproj", "{2F59A7D4-E26E-475F-A382-1D6899D61BFD}"
EndProject
Project("{9A19103F-16F7-4668-BE54-9A1E7A4F7556}") = "TestPlatform.Domain", "TestPlatform.Domain\TestPlatform.Domain.csproj", "{5387DA6E-214B-48CB-A886-6513EC70BE67}"
EndProject
Project("{9A19103F-16F7-4668-BE54-9A1E7A4F7556}") = "TestPlatform.Application", "TestPlatform.Application\TestPlatform.Application.csproj", "{2366B3F2-0D96-43A5-95B6-AFBAFDE82C1F}"
EndProject
Project("{9A19103F-16F7-4668-BE54-9A1E7A4F7556}") = "TestPlatform.Infrastructure", "TestPlatform.Infrastructure\TestPlatform.Infrastructure.csproj", "{26774BB1-BB8B-449E-9FE2-89B2F32561FD}"
EndProject
Project("{E24C65DC-7377-472B-9ABA-BC803B73C61A}") = "TestPlatform.WebUI", "TestPlatform.WebUI\", "{0770D5F5-EF05-483E-923C-FC8DEC1A5C69}"
	ProjectSection(WebsiteProperties) = preProject
		TargetFrameworkMoniker = ".NETFramework,Version%3Dv4.0"
		Debug.AspNetCompiler.VirtualPath = "/localhost_52822"
		Debug.AspNetCompiler.PhysicalPath = "TestPlatform.WebUI\"
		Debug.AspNetCompiler.TargetPath = "PrecompiledWeb\localhost_52822\"
		Debug.AspNetCompiler.Updateable = "true"
		Debug.AspNetCompiler.ForceOverwrite = "true"
		Debug.AspNetCompiler.FixedNames = "false"
		Debug.AspNetCompiler.Debug = "True"
		Release.AspNetCompiler.VirtualPath = "/localhost_52822"
		Release.AspNetCompiler.PhysicalPath = "TestPlatform.WebUI\"
		Release.AspNetCompiler.TargetPath = "PrecompiledWeb\localhost_52822\"
		Release.AspNetCompiler.Updateable = "true"
		Release.AspNetCompiler.ForceOverwrite = "true"
		Release.AspNetCompiler.FixedNames = "false"
		Release.AspNetCompiler.Debug = "False"
		VWDPort = "52822"
		SlnRelativePath = "TestPlatform.WebUI\"
	EndProjectSection
EndProject
Global
	GlobalSection(SolutionConfigurationPlatforms) = preSolution
		Debug|Any CPU = Debug|Any CPU
		Release|Any CPU = Release|Any CPU
	EndGlobalSection
	GlobalSection(ProjectConfigurationPlatforms) = postSolution
		{2F59A7D4-E26E-475F-A382-1D6899D61BFD}.Debug|Any CPU.ActiveCfg = Debug|Any CPU
		{2F59A7D4-E26E-475F-A382-1D6899D61BFD}.Debug|Any CPU.Build.0 = Debug|Any CPU
		{2F59A7D4-E26E-475F-A382-1D6899D61BFD}.Release|Any CPU.ActiveCfg = Release|Any CPU
		{2F59A7D4-E26E-475F-A382-1D6899D61BFD}.Release|Any CPU.Build.0 = Release|Any CPU
		{5387DA6E-214B-48CB-A886-6513EC70BE67}.Debug|Any CPU.ActiveCfg = Debug|Any CPU
		{5387DA6E-214B-48CB-A886-6513EC70BE67}.Debug|Any CPU.Build.0 = Debug|Any CPU
		{5387DA6E-214B-48CB-A886-6513EC70BE67}.Release|Any CPU.ActiveCfg = Release|Any CPU
		{5387DA6E-214B-48CB-A886-6513EC70BE67}.Release|Any CPU.Build.0 = Release|Any CPU
		{2366B3F2-0D96-43A5-95B6-AFBAFDE82C1F}.Debug|Any CPU.ActiveCfg = Debug|Any CPU
		{2366B3F2-0D96-43A5-95B6-AFBAFDE82C1F}.Debug|Any CPU.Build.0 = Debug|Any CPU
		{2366B3F2-0D96-43A5-95B6-AFBAFDE82C1F}.Release|Any CPU.ActiveCfg = Release|Any CPU
		{2366B3F2-0D96-43A5-95B6-AFBAFDE82C1F}.Release|Any CPU.Build.0 = Release|Any CPU
		{26774BB1-BB8B-449E-9FE2-89B2F32561FD}.Debug|Any CPU.ActiveCfg = Debug|Any CPU
		{26774BB1-BB8B-449E-9FE2-89B2F32561FD}.Debug|Any CPU.Build.0 = Debug|Any CPU
		{26774BB1-BB8B-449E-9FE2-89B2F32561FD}.Release|Any CPU.ActiveCfg = Release|Any CPU
		{26774BB1-BB8B-449E-9FE2-89B2F32561FD}.Release|Any CPU.Build.0 = Release|Any CPU
		{0770D5F5-EF05-483E-923C-FC8DEC1A5C69}.Debug|Any CPU.ActiveCfg = Debug|Any CPU
		{0770D5F5-EF05-483E-923C-FC8DEC1A5C69}.Debug|Any CPU.Build.0 = Debug|Any CPU
		{0770D5F5-EF05-483E-923C-FC8DEC1A5C69}.Release|Any CPU.ActiveCfg = Debug|Any CPU
		{0770D5F5-EF05-483E-923C-FC8DEC1A5C69}.Release|Any CPU.Build.0 = Debug|Any CPU
	EndGlobalSection
	GlobalSection(SolutionProperties) = preSolution
		HideSolutionNode = FALSE
	EndGlobalSection
	GlobalSection(ExtensibilityGlobals) = postSolution
		SolutionGuid = {064108DD-46DA-473C-905B-44F48BD49D92}
	EndGlobalSection
EndGlobal
